PODS:
  - CTMediator (25)
  - HandyFrame (1.2.0)
  - Module_A (5):
    - HandyFrame
  - Module_ACategory (2):
    - CTMediator

DEPENDENCIES:
  - CTMediator
  - HandyFrame
  - Module_A
  - Module_ACategory

SPEC REPOS:
  https://github.com/cocoapods/specs.git:
    - CTMediator
    - HandyFrame
  https://github.com/ModuleProjectOrg/PersonalPods.git:
    - Module_A
    - Module_ACategory

SPEC CHECKSUMS:
  CTMediator: 830c1fc204b3a6abf2a059510c7380f56343da0f
  HandyFrame: 437df83ba7563c56cd55b9bd0128561995463110
  Module_A: 93afe0e1d9b97e56c58843e5600e874c24331b4e
  Module_ACategory: b553dc3061fce282275b664a90f838e931ce1b7e

PODFILE CHECKSUM: 396a22fb4b3309bafbdd0cf57d9bc12656bb38c2

COCOAPODS: 1.6.0.beta.2
